
Microsoft Visual Studio Solution File, Format Version 12.00
# Visual Studio Version 16
VisualStudioVersion = 16.0.31911.196
MinimumVisualStudioVersion = 10.0.40219.1
Project("{FAE04EC0-301F-11D3-BF4B-00C04F79EFBC}") = "Ej3 Inmobiliaria", "Ej3 Inmobiliaria\Ej3 Inmobiliaria.csproj", "{AB052D4C-B5EB-478B-AE7A-752F87402CA6}"
EndProject
Global
	GlobalSection(SolutionConfigurationPlatforms) = preSolution
		Debug|Any CPU = Debug|Any CPU
		Release|Any CPU = Release|Any CPU
	EndGlobalSection
	GlobalSection(ProjectConfigurationPlatforms) = postSolution
		{AB052D4C-B5EB-478B-AE7A-752F87402CA6}.Debug|Any CPU.ActiveCfg = Debug|Any CPU
		{AB052D4C-B5EB-478B-AE7A-752F87402CA6}.Debug|Any CPU.Build.0 = Debug|Any CPU
		{AB052D4C-B5EB-478B-AE7A-752F87402CA6}.Release|Any CPU.ActiveCfg = Release|Any CPU
		{AB052D4C-B5EB-478B-AE7A-752F87402CA6}.Release|Any CPU.Build.0 = Release|Any CPU
	EndGlobalSection
	GlobalSection(SolutionProperties) = preSolution
		HideSolutionNode = FALSE
	EndGlobalSection
	GlobalSection(ExtensibilityGlobals) = postSolution
		SolutionGuid = {B845E0BF-450B-44FB-AFC1-1349B7FC9090}
	EndGlobalSection
EndGlobal
