
Microsoft Visual Studio Solution File, Format Version 12.00
# Visual Studio Version 16
VisualStudioVersion = 16.0.31911.196
MinimumVisualStudioVersion = 10.0.40219.1
Project("{FAE04EC0-301F-11D3-BF4B-00C04F79EFBC}") = "M3 Ejercicio 4 Rectangulos", "M3 Ejercicio 4 Rectangulos\M3 Ejercicio 4 Rectangulos.csproj", "{795B20B3-1270-4218-A9E9-2BB822398416}"
EndProject
Global
	GlobalSection(SolutionConfigurationPlatforms) = preSolution
		Debug|Any CPU = Debug|Any CPU
		Release|Any CPU = Release|Any CPU
	EndGlobalSection
	GlobalSection(ProjectConfigurationPlatforms) = postSolution
		{795B20B3-1270-4218-A9E9-2BB822398416}.Debug|Any CPU.ActiveCfg = Debug|Any CPU
		{795B20B3-1270-4218-A9E9-2BB822398416}.Debug|Any CPU.Build.0 = Debug|Any CPU
		{795B20B3-1270-4218-A9E9-2BB822398416}.Release|Any CPU.ActiveCfg = Release|Any CPU
		{795B20B3-1270-4218-A9E9-2BB822398416}.Release|Any CPU.Build.0 = Release|Any CPU
	EndGlobalSection
	GlobalSection(SolutionProperties) = preSolution
		HideSolutionNode = FALSE
	EndGlobalSection
	GlobalSection(ExtensibilityGlobals) = postSolution
		SolutionGuid = {0247D071-04EF-40A1-88A8-2CB255CBD5AE}
	EndGlobalSection
EndGlobal
