
Microsoft Visual Studio Solution File, Format Version 12.00
# Visual Studio Version 16
VisualStudioVersion = 16.0.31911.196
MinimumVisualStudioVersion = 10.0.40219.1
Project("{FAE04EC0-301F-11D3-BF4B-00C04F79EFBC}") = "M4 Ejercicio1", "M4 Ejercicio1\M4 Ejercicio1.csproj", "{B9393CC2-9807-4423-AE9B-100650EB95CD}"
EndProject
Global
	GlobalSection(SolutionConfigurationPlatforms) = preSolution
		Debug|Any CPU = Debug|Any CPU
		Release|Any CPU = Release|Any CPU
	EndGlobalSection
	GlobalSection(ProjectConfigurationPlatforms) = postSolution
		{B9393CC2-9807-4423-AE9B-100650EB95CD}.Debug|Any CPU.ActiveCfg = Debug|Any CPU
		{B9393CC2-9807-4423-AE9B-100650EB95CD}.Debug|Any CPU.Build.0 = Debug|Any CPU
		{B9393CC2-9807-4423-AE9B-100650EB95CD}.Release|Any CPU.ActiveCfg = Release|Any CPU
		{B9393CC2-9807-4423-AE9B-100650EB95CD}.Release|Any CPU.Build.0 = Release|Any CPU
	EndGlobalSection
	GlobalSection(SolutionProperties) = preSolution
		HideSolutionNode = FALSE
	EndGlobalSection
	GlobalSection(ExtensibilityGlobals) = postSolution
		SolutionGuid = {A58562D0-247A-4166-8DFE-5F79CB90640E}
	EndGlobalSection
EndGlobal
