
Microsoft Visual Studio Solution File, Format Version 12.00
# Visual Studio Version 16
VisualStudioVersion = 16.0.31911.196
MinimumVisualStudioVersion = 10.0.40219.1
Project("{FAE04EC0-301F-11D3-BF4B-00C04F79EFBC}") = "M2 ComboBox", "M2 ComboBox\M2 ComboBox.csproj", "{FDCCF2E2-5A99-48E1-AF6F-E1F49E11BBEF}"
EndProject
Global
	GlobalSection(SolutionConfigurationPlatforms) = preSolution
		Debug|Any CPU = Debug|Any CPU
		Release|Any CPU = Release|Any CPU
	EndGlobalSection
	GlobalSection(ProjectConfigurationPlatforms) = postSolution
		{FDCCF2E2-5A99-48E1-AF6F-E1F49E11BBEF}.Debug|Any CPU.ActiveCfg = Debug|Any CPU
		{FDCCF2E2-5A99-48E1-AF6F-E1F49E11BBEF}.Debug|Any CPU.Build.0 = Debug|Any CPU
		{FDCCF2E2-5A99-48E1-AF6F-E1F49E11BBEF}.Release|Any CPU.ActiveCfg = Release|Any CPU
		{FDCCF2E2-5A99-48E1-AF6F-E1F49E11BBEF}.Release|Any CPU.Build.0 = Release|Any CPU
	EndGlobalSection
	GlobalSection(SolutionProperties) = preSolution
		HideSolutionNode = FALSE
	EndGlobalSection
	GlobalSection(ExtensibilityGlobals) = postSolution
		SolutionGuid = {243F4582-5EA1-49D5-BD84-9432837A7DA2}
	EndGlobalSection
EndGlobal
