
Microsoft Visual Studio Solution File, Format Version 12.00
# Visual Studio Version 16
VisualStudioVersion = 16.0.31911.196
MinimumVisualStudioVersion = 10.0.40219.1
Project("{FAE04EC0-301F-11D3-BF4B-00C04F79EFBC}") = "Ejer2-NBA", "Ejer2-NBA\Ejer2-NBA.csproj", "{C43C837C-E205-4069-963E-99FA13392DE6}"
EndProject
Global
	GlobalSection(SolutionConfigurationPlatforms) = preSolution
		Debug|Any CPU = Debug|Any CPU
		Release|Any CPU = Release|Any CPU
	EndGlobalSection
	GlobalSection(ProjectConfigurationPlatforms) = postSolution
		{C43C837C-E205-4069-963E-99FA13392DE6}.Debug|Any CPU.ActiveCfg = Debug|Any CPU
		{C43C837C-E205-4069-963E-99FA13392DE6}.Debug|Any CPU.Build.0 = Debug|Any CPU
		{C43C837C-E205-4069-963E-99FA13392DE6}.Release|Any CPU.ActiveCfg = Release|Any CPU
		{C43C837C-E205-4069-963E-99FA13392DE6}.Release|Any CPU.Build.0 = Release|Any CPU
	EndGlobalSection
	GlobalSection(SolutionProperties) = preSolution
		HideSolutionNode = FALSE
	EndGlobalSection
	GlobalSection(ExtensibilityGlobals) = postSolution
		SolutionGuid = {BC4B77A0-2EBF-475B-ABF0-6BC172023BEE}
	EndGlobalSection
EndGlobal
