
Microsoft Visual Studio Solution File, Format Version 12.00
# Visual Studio Version 16
VisualStudioVersion = 16.0.31911.196
MinimumVisualStudioVersion = 10.0.40219.1
Project("{FAE04EC0-301F-11D3-BF4B-00C04F79EFBC}") = "M3 Animaciones 3", "M3 Animaciones 3\M3 Animaciones 3.csproj", "{1C4659EB-C994-4C78-96C7-FAA811E240A3}"
EndProject
Global
	GlobalSection(SolutionConfigurationPlatforms) = preSolution
		Debug|Any CPU = Debug|Any CPU
		Release|Any CPU = Release|Any CPU
	EndGlobalSection
	GlobalSection(ProjectConfigurationPlatforms) = postSolution
		{1C4659EB-C994-4C78-96C7-FAA811E240A3}.Debug|Any CPU.ActiveCfg = Debug|Any CPU
		{1C4659EB-C994-4C78-96C7-FAA811E240A3}.Debug|Any CPU.Build.0 = Debug|Any CPU
		{1C4659EB-C994-4C78-96C7-FAA811E240A3}.Release|Any CPU.ActiveCfg = Release|Any CPU
		{1C4659EB-C994-4C78-96C7-FAA811E240A3}.Release|Any CPU.Build.0 = Release|Any CPU
	EndGlobalSection
	GlobalSection(SolutionProperties) = preSolution
		HideSolutionNode = FALSE
	EndGlobalSection
	GlobalSection(ExtensibilityGlobals) = postSolution
		SolutionGuid = {76E67E9C-08A4-4C68-9E85-A02B11B14FEC}
	EndGlobalSection
EndGlobal
